<?xml version="1.0" encoding="utf-8"?>
<Project ToolsVersion="4.0" xmlns="http://schemas.microsoft.com/developer/msbuild/2003">
  <ItemGroup>
    <Filter Include="Quelldateien">
      <UniqueIdentifier>{4FC737F1-C7A5-4376-A066-2A32D752A2FF}</UniqueIdentifier>
      <Extensions>cpp;c;cc;cxx;c++;cppm;ixx;def;odl;idl;hpj;bat;asm;asmx</Extensions>
    </Filter>
    <Filter Include="Headerdateien">
      <UniqueIdentifier>{93995380-89BD-4b04-88EB-625FBE52EBFB}</UniqueIdentifier>
      <Extensions>h;hh;hpp;hxx;h++;hm;inl;inc;ipp;xsd</Extensions>
    </Filter>
    <Filter Include="Ressourcendateien">
      <UniqueIdentifier>{67DA6AB6-F800-4c08-8B7A-83BB121AAD01}</UniqueIdentifier>
      <Extensions>rc;ico;cur;bmp;dlg;rc2;rct;bin;rgs;gif;jpg;jpeg;jpe;resx;tiff;tif;png;wav;mfcribbon-ms</Extensions>
    </Filter>
    <Filter Include="Headerdateien\Entities">
      <UniqueIdentifier>{53828b6d-823e-41e1-becb-488e658cb874}</UniqueIdentifier>
    </Filter>
    <Filter Include="Quelldateien\Entities">
      <UniqueIdentifier>{78a24a13-35ba-4767-b5ba-f10f724adb70}</UniqueIdentifier>
    </Filter>
    <Filter Include="Headerdateien\Entities\Textured">
      <UniqueIdentifier>{ff8cecf4-5d4e-41d0-a6e3-6a18ce2aad6c}</UniqueIdentifier>
    </Filter>
    <Filter Include="Quelldateien\Entities\Textured">
      <UniqueIdentifier>{065e51a2-f825-4d0a-a7bc-753d9ac2dc36}</UniqueIdentifier>
    </Filter>
    <Filter Include="Quelldateien\Entities\Simple">
      <UniqueIdentifier>{3e08b228-0f33-42bc-ae66-1184afe00984}</UniqueIdentifier>
    </Filter>
    <Filter Include="Headerdateien\Entities\Simple">
      <UniqueIdentifier>{51f19248-6f98-44e1-a504-69c8b733bff6}</UniqueIdentifier>
    </Filter>
    <Filter Include="Headerdateien\Entities\2D">
      <UniqueIdentifier>{1384fd5a-fb24-4d85-8895-310c80c702ab}</UniqueIdentifier>
    </Filter>
    <Filter Include="Quelldateien\Entities\2D">
      <UniqueIdentifier>{4e483068-6220-4250-af26-712ec4b6fa52}</UniqueIdentifier>
    </Filter>
    <Filter Include="Headerdateien\Entities\Splatmap">
      <UniqueIdentifier>{8ba1f768-1d57-4c26-a8d6-d07ed92e60a2}</UniqueIdentifier>
    </Filter>
    <Filter Include="Quelldateien\Entities\Splatmap">
      <UniqueIdentifier>{81eb01ed-c12a-4a56-a6c9-72d77bac18f7}</UniqueIdentifier>
    </Filter>
    <Filter Include="Headerdateien\Entities\Triplanar">
      <UniqueIdentifier>{c632423e-81e1-48ac-b226-543a9994eb57}</UniqueIdentifier>
    </Filter>
    <Filter Include="Headerdateien\Entities\OSNM">
      <UniqueIdentifier>{c7c13c66-4367-4fbe-8ae4-6e4b2fed3471}</UniqueIdentifier>
    </Filter>
    <Filter Include="Quelldateien\Entities\OSNM">
      <UniqueIdentifier>{d7f4baf1-09f0-4965-8439-83070881e3f2}</UniqueIdentifier>
    </Filter>
    <Filter Include="Quelldateien\Entities\Triplanar">
      <UniqueIdentifier>{f107d629-c591-496d-821d-03c9767b33db}</UniqueIdentifier>
    </Filter>
  </ItemGroup>
  <ItemGroup>
    <ClCompile Include="main.cpp">
      <Filter>Quelldateien</Filter>
    </ClCompile>
    <ClCompile Include="GraphicsPCH.cpp">
      <Filter>Quelldateien</Filter>
    </ClCompile>
    <ClCompile Include="Game.cpp">
      <Filter>Quelldateien</Filter>
    </ClCompile>
    <ClCompile Include="ContentManager.cpp">
      <Filter>Quelldateien</Filter>
    </ClCompile>
    <ClCompile Include="InputManager.cpp">
      <Filter>Quelldateien</Filter>
    </ClCompile>
    <ClCompile Include="Cube.cpp">
      <Filter>Quelldateien\Entities\Simple</Filter>
    </ClCompile>
    <ClCompile Include="Entity.cpp">
      <Filter>Quelldateien\Entities\Simple</Filter>
    </ClCompile>
    <ClCompile Include="Oktaeder.cpp">
      <Filter>Quelldateien\Entities\Simple</Filter>
    </ClCompile>
    <ClCompile Include="Sphere.cpp">
      <Filter>Quelldateien\Entities\Simple</Filter>
    </ClCompile>
    <ClCompile Include="TexturedEntity.cpp">
      <Filter>Quelldateien\Entities\Textured</Filter>
    </ClCompile>
    <ClCompile Include="TextureData.cpp">
      <Filter>Quelldateien</Filter>
    </ClCompile>
    <ClCompile Include="TexturedPlane.cpp">
      <Filter>Quelldateien\Entities\Textured</Filter>
    </ClCompile>
    <ClCompile Include="TexturedSphere.cpp">
      <Filter>Quelldateien\Entities\Textured</Filter>
    </ClCompile>
    <ClCompile Include="AssetManager.cpp">
      <Filter>Quelldateien</Filter>
    </ClCompile>
    <ClCompile Include="Entity2D.cpp">
      <Filter>Quelldateien\Entities\2D</Filter>
    </ClCompile>
    <ClCompile Include="Cursor.cpp">
      <Filter>Quelldateien\Entities\2D</Filter>
    </ClCompile>
    <ClCompile Include="Image2D.cpp">
      <Filter>Quelldateien\Entities\2D</Filter>
    </ClCompile>
    <ClCompile Include="Button2D.cpp">
      <Filter>Quelldateien\Entities\2D</Filter>
    </ClCompile>
    <ClCompile Include="Text2D.cpp">
      <Filter>Quelldateien\Entities\2D</Filter>
    </ClCompile>
    <ClCompile Include="SplatMapEntity.cpp">
      <Filter>Quelldateien\Entities\Splatmap</Filter>
    </ClCompile>
    <ClCompile Include="Terrain.cpp">
      <Filter>Quelldateien\Entities\Splatmap</Filter>
    </ClCompile>
    <ClCompile Include="OSNMCube.cpp">
      <Filter>Quelldateien\Entities\OSNM</Filter>
    </ClCompile>
    <ClCompile Include="OSNMEntity.cpp">
      <Filter>Quelldateien\Entities\OSNM</Filter>
    </ClCompile>
    <ClCompile Include="TriplanarEntity.cpp">
      <Filter>Quelldateien\Entities\Triplanar</Filter>
    </ClCompile>
    <ClCompile Include="TriplanarOktaeder.cpp">
      <Filter>Quelldateien\Entities\Triplanar</Filter>
    </ClCompile>
    <ClCompile Include="TriplanarSphere.cpp">
      <Filter>Quelldateien\Entities\Triplanar</Filter>
    </ClCompile>
    <ClCompile Include="MorphCube.cpp">
      <Filter>Quelldateien\Entities\Simple</Filter>
    </ClCompile>
    <ClCompile Include="Skybox.cpp">
      <Filter>Quelldateien\Entities</Filter>
    </ClCompile>
  </ItemGroup>
  <ItemGroup>
    <ClInclude Include="GraphicsPCH.h">
      <Filter>Headerdateien</Filter>
    </ClInclude>
    <ClInclude Include="Game.h">
      <Filter>Headerdateien</Filter>
    </ClInclude>
    <ClInclude Include="WindowSettings.h">
      <Filter>Headerdateien</Filter>
    </ClInclude>
    <ClInclude Include="DirectXSettings.h">
      <Filter>Headerdateien</Filter>
    </ClInclude>
    <ClInclude Include="ConstantBuffer.h">
      <Filter>Headerdateien</Filter>
    </ClInclude>
    <ClInclude Include="VertexPosColor.h">
      <Filter>Headerdateien</Filter>
    </ClInclude>
    <ClInclude Include="ContentManager.h">
      <Filter>Headerdateien</Filter>
    </ClInclude>
    <ClInclude Include="InputManager.h">
      <Filter>Headerdateien</Filter>
    </ClInclude>
    <ClInclude Include="Helper.h">
      <Filter>Headerdateien</Filter>
    </ClInclude>
    <ClInclude Include="Cube.h">
      <Filter>Headerdateien\Entities\Simple</Filter>
    </ClInclude>
    <ClInclude Include="Entity.h">
      <Filter>Headerdateien\Entities\Simple</Filter>
    </ClInclude>
    <ClInclude Include="Oktaeder.h">
      <Filter>Headerdateien\Entities\Simple</Filter>
    </ClInclude>
    <ClInclude Include="Sphere.h">
      <Filter>Headerdateien\Entities\Simple</Filter>
    </ClInclude>
    <ClInclude Include="TexturedEntity.h">
      <Filter>Headerdateien\Entities\Textured</Filter>
    </ClInclude>
    <ClInclude Include="TextureData.h">
      <Filter>Headerdateien</Filter>
    </ClInclude>
    <ClInclude Include="TexturedPlane.h">
      <Filter>Headerdateien\Entities\Textured</Filter>
    </ClInclude>
    <ClInclude Include="TexturedSphere.h">
      <Filter>Headerdateien\Entities\Textured</Filter>
    </ClInclude>
    <ClInclude Include="AssetManager.h">
      <Filter>Headerdateien</Filter>
    </ClInclude>
    <ClInclude Include="Entity2D.h">
      <Filter>Headerdateien\Entities\2D</Filter>
    </ClInclude>
    <ClInclude Include="Image2D.h">
      <Filter>Headerdateien\Entities\2D</Filter>
    </ClInclude>
    <ClInclude Include="Cursor.h">
      <Filter>Headerdateien\Entities\2D</Filter>
    </ClInclude>
    <ClInclude Include="Button2D.h">
      <Filter>Headerdateien\Entities\2D</Filter>
    </ClInclude>
    <ClInclude Include="Text2D.h">
      <Filter>Headerdateien\Entities\2D</Filter>
    </ClInclude>
    <ClInclude Include="Terrain.h">
      <Filter>Headerdateien\Entities\Splatmap</Filter>
    </ClInclude>
    <ClInclude Include="SplatMapEntity.h">
      <Filter>Headerdateien\Entities\Splatmap</Filter>
    </ClInclude>
    <ClInclude Include="OSNMCube.h">
      <Filter>Headerdateien\Entities\OSNM</Filter>
    </ClInclude>
    <ClInclude Include="OSNMEntity.h">
      <Filter>Headerdateien\Entities\OSNM</Filter>
    </ClInclude>
    <ClInclude Include="TriplanarEntity.h">
      <Filter>Headerdateien\Entities\Triplanar</Filter>
    </ClInclude>
    <ClInclude Include="TriplanarOktaeder.h">
      <Filter>Headerdateien\Entities\Triplanar</Filter>
    </ClInclude>
    <ClInclude Include="TriplanarSphere.h">
      <Filter>Headerdateien\Entities\Triplanar</Filter>
    </ClInclude>
    <ClInclude Include="MorphCube.h">
      <Filter>Headerdateien\Entities\Simple</Filter>
    </ClInclude>
    <ClInclude Include="Skybox.h">
      <Filter>Headerdateien\Entities</Filter>
    </ClInclude>
  </ItemGroup>
  <ItemGroup>
    <FxCompile Include="SimpleVertexShader.hlsl">
      <Filter>Ressourcendateien</Filter>
    </FxCompile>
    <FxCompile Include="SimplePixelShader.hlsl">
      <Filter>Ressourcendateien</Filter>
    </FxCompile>
    <FxCompile Include="TexturedVertexShader.hlsl">
      <Filter>Ressourcendateien</Filter>
    </FxCompile>
    <FxCompile Include="TexturedPixelShader.hlsl">
      <Filter>Ressourcendateien</Filter>
    </FxCompile>
    <FxCompile Include="SplatMapVertexShader.hlsl">
      <Filter>Ressourcendateien</Filter>
    </FxCompile>
    <FxCompile Include="SplatMapPixelShader.hlsl">
      <Filter>Ressourcendateien</Filter>
    </FxCompile>
    <FxCompile Include="OSNMPixelShader.hlsl">
      <Filter>Ressourcendateien</Filter>
    </FxCompile>
    <FxCompile Include="OSNMVertexShader.hlsl">
      <Filter>Ressourcendateien</Filter>
    </FxCompile>
    <FxCompile Include="TriplanarPixelShader.hlsl">
      <Filter>Ressourcendateien</Filter>
    </FxCompile>
    <FxCompile Include="TriplanarVertexShader.hlsl">
      <Filter>Ressourcendateien</Filter>
    </FxCompile>
    <FxCompile Include="SkyboxPixelShader.hlsl">
      <Filter>Ressourcendateien</Filter>
    </FxCompile>
    <FxCompile Include="SkyboxVertexShader.hlsl">
      <Filter>Ressourcendateien</Filter>
    </FxCompile>
  </ItemGroup>
  <ItemGroup>
    <None Include="packages.config" />
  </ItemGroup>
</Project>